{
  "name": "bentral-proxy",
  "version": "1.0.0",
  "lockfileVersion": 2,
  "requires": true,
  "packages": {
    "": {
      "name": "bentral-proxy",
      "version": "1.0.0",
      "dependencies": {
        "axios": "^1.6.7"
      }
    },
    "node_modules/axios": {
      "version": "1.6.7",
      "resolved": "https://registry.npmjs.org/axios/-/axios-1.6.7.tgz",
      "integrity": "sha512-nmMjRUEblNwV6N3qnsU5zLgRMjQCHo+CMjv7Q2Zk6g7Q2fbdZ/cZ8ci+APNykOkzS/CrF1O3M4PYB+M8/0zm2g==",
      "dependencies": {
        "follow-redirects": "^1.15.0"
      }
    },
    "node_modules/follow-redirects": {
      "version": "1.15.4",
      "resolved": "https://registry.npmjs.org/follow-redirects/-/follow-redirects-1.15.4.tgz",
      "integrity": "sha512-S1jAoWiHHiTFbnOSZpnwUlZzZlnyKRAosrlJ4VIk25PVcVeMjGlF9nCRloQ+IQYFCeewFwSeMJrIc7yN27iZgQ=="
    }
  }
}